{
    "name": "quote-agent-okex-websocket",
    "version": "0.0.1",
    "lockfileVersion": 1,
    "requires": true,
    "dependencies": {
        "@types/bluebird": {
            "version": "3.5.27",
            "resolved": "https://registry.npm.taobao.org/@types/bluebird/download/@types/bluebird-3.5.27.tgz",
            "integrity": "sha1-YetNddxr+85Rz0num76+lBsstdA="
        },
        "@types/events": {
            "version": "3.0.0",
            "resolved": "https://registry.npm.taobao.org/@types/events/download/@types/events-3.0.0.tgz",
            "integrity": "sha1-KGLz9Yqaf3w+eNefEw3U1xwlwqc="
        },
        "@types/fs-extra": {
            "version": "8.0.0",
            "resolved": "https://registry.npm.taobao.org/@types/fs-extra/download/@types/fs-extra-8.0.0.tgz",
            "integrity": "sha1-0+LDE8op+VBZ8ZjdYNH3dGQtSyU=",
            "requires": {
                "@types/node": "*"
            }
        },
        "@types/lodash": {
            "version": "4.14.136",
            "resolved": "https://registry.npm.taobao.org/@types/lodash/download/@types/lodash-4.14.136.tgz",
            "integrity": "sha1-QT6FCJBGuGXZYMn/HUAOBMMatg8="
        },
        "@types/node": {
            "version": "12.6.8",
            "resolved": "https://registry.npm.taobao.org/@types/node/download/@types/node-12.6.8.tgz?cache=0&other_urls=https%3A%2F%2Fregistry.npm.taobao.org%2F%40types%2Fnode%2Fdownload%2F%40types%2Fnode-12.6.8.tgz",
            "integrity": "sha1-5Gm0v50cmDKu5JB7qKBRSUNXwSw="
        },
        "@types/pako": {
            "version": "1.0.1",
            "resolved": "https://registry.npm.taobao.org/@types/pako/download/@types/pako-1.0.1.tgz",
            "integrity": "sha1-M7I388mv9E0Pgv5jrP+ko2XvSmE="
        },
        "@types/ws": {
            "version": "6.0.1",
            "resolved": "https://registry.npm.taobao.org/@types/ws/download/@types/ws-6.0.1.tgz",
            "integrity": "sha1-yno/N1aqEvYqCmIUXtFMbbJdWig=",
            "requires": {
                "@types/events": "*",
                "@types/node": "*"
            }
        },
        "async-limiter": {
            "version": "1.0.0",
            "resolved": "https://registry.npm.taobao.org/async-limiter/download/async-limiter-1.0.0.tgz",
            "integrity": "sha1-ePrtjD0HSrgfIrTphdeehzj3IPg="
        },
        "autobind-decorator": {
            "version": "2.4.0",
            "resolved": "https://registry.npm.taobao.org/autobind-decorator/download/autobind-decorator-2.4.0.tgz",
            "integrity": "sha1-6p4cmHCM87WzVvfPnxDyZf8YI5w="
        },
        "autonomous": {
            "version": "git+https://github.com/zimtsui/autonomous.git#def92b9293d926ea77265436694d72f29a1b1629",
            "from": "git+https://github.com/zimtsui/autonomous.git",
            "requires": {
                "@types/bluebird": "^3.5.27",
                "@types/node": "^12.6.8",
                "autobind-decorator": "^2.4.0"
            }
        },
        "crc-32": {
            "version": "1.2.0",
            "resolved": "https://registry.npm.taobao.org/crc-32/download/crc-32-1.2.0.tgz",
            "integrity": "sha1-yy224puIUI4y2d0OwWk+e0Ghggg=",
            "requires": {
                "exit-on-epipe": "~1.0.1",
                "printj": "~1.1.0"
            }
        },
        "exit-on-epipe": {
            "version": "1.0.1",
            "resolved": "https://registry.npm.taobao.org/exit-on-epipe/download/exit-on-epipe-1.0.1.tgz",
            "integrity": "sha1-C92S6H1ShdJn2qgXHQ6wYVlolpI="
        },
        "fs-extra": {
            "version": "8.1.0",
            "resolved": "https://registry.npm.taobao.org/fs-extra/download/fs-extra-8.1.0.tgz",
            "integrity": "sha1-SdQ8RaiM2Wd2aMt74bRu/bjS4cA=",
            "requires": {
                "graceful-fs": "^4.2.0",
                "jsonfile": "^4.0.0",
                "universalify": "^0.1.0"
            }
        },
        "graceful-fs": {
            "version": "4.2.0",
            "resolved": "https://registry.npm.taobao.org/graceful-fs/download/graceful-fs-4.2.0.tgz?cache=0&sync_timestamp=1561578857655&other_urls=https%3A%2F%2Fregistry.npm.taobao.org%2Fgraceful-fs%2Fdownload%2Fgraceful-fs-4.2.0.tgz",
            "integrity": "sha1-jY/cc5d8sEEEchy1NmbBymTNMos="
        },
        "interfaces": {
            "version": "git+https://github.com/zimtsui/interfaces.git#f1390128a034f59b0c33b9e9102628168d62f7ed",
            "from": "git+https://github.com/zimtsui/interfaces.git"
        },
        "jsonfile": {
            "version": "4.0.0",
            "resolved": "https://registry.npm.taobao.org/jsonfile/download/jsonfile-4.0.0.tgz",
            "integrity": "sha1-h3Gq4HmbZAdrdmQPygWPnBDjPss=",
            "requires": {
                "graceful-fs": "^4.1.6"
            }
        },
        "lodash": {
            "version": "4.17.15",
            "resolved": "https://registry.npm.taobao.org/lodash/download/lodash-4.17.15.tgz",
            "integrity": "sha1-tEf2ZwoEVbv+7dETku/zMOoJdUg="
        },
        "pako": {
            "version": "1.0.10",
            "resolved": "https://registry.npm.taobao.org/pako/download/pako-1.0.10.tgz",
            "integrity": "sha1-Qyi621CGpCaqkPVBl31JVdpclzI="
        },
        "printj": {
            "version": "1.1.2",
            "resolved": "https://registry.npm.taobao.org/printj/download/printj-1.1.2.tgz",
            "integrity": "sha1-2Q3rKXWoufYA+zoclOP0xTx4oiI="
        },
        "typescript": {
            "version": "3.5.3",
            "resolved": "https://registry.npm.taobao.org/typescript/download/typescript-3.5.3.tgz?cache=0&other_urls=https%3A%2F%2Fregistry.npm.taobao.org%2Ftypescript%2Fdownload%2Ftypescript-3.5.3.tgz",
            "integrity": "sha1-yDD2V/k/HqhGgZ6SkJL1/lmD6Xc=",
            "dev": true
        },
        "universalify": {
            "version": "0.1.2",
            "resolved": "https://registry.npm.taobao.org/universalify/download/universalify-0.1.2.tgz",
            "integrity": "sha1-tkb2m+OULavOzJ1mOcgNwQXvqmY="
        },
        "ws": {
            "version": "7.1.1",
            "resolved": "https://registry.npm.taobao.org/ws/download/ws-7.1.1.tgz?cache=0&sync_timestamp=1563547663785&other_urls=https%3A%2F%2Fregistry.npm.taobao.org%2Fws%2Fdownload%2Fws-7.1.1.tgz",
            "integrity": "sha1-+ZQtyGi23/tywU/Y8roF93pNWYM=",
            "requires": {
                "async-limiter": "^1.0.0"
            }
        }
    }
}
