{
    "name": "publagent-okex",
    "version": "0.0.1",
    "lockfileVersion": 1,
    "requires": true,
    "dependencies": {
        "@koa/router": {
            "version": "9.4.0",
            "resolved": "https://registry.npm.taobao.org/@koa/router/download/@koa/router-9.4.0.tgz",
            "integrity": "sha1-c0tkwK5WbrWvdS33HkFD7cR0jkg=",
            "requires": {
                "debug": "^4.1.1",
                "http-errors": "^1.7.3",
                "koa-compose": "^4.1.0",
                "methods": "^1.1.2",
                "path-to-regexp": "^6.1.0"
            },
            "dependencies": {
                "debug": {
                    "version": "4.3.1",
                    "resolved": "https://registry.npm.taobao.org/debug/download/debug-4.3.1.tgz?cache=0&sync_timestamp=1606566568533&other_urls=https%3A%2F%2Fregistry.npm.taobao.org%2Fdebug%2Fdownload%2Fdebug-4.3.1.tgz",
                    "integrity": "sha1-8NIpxQXgxtjEmsVT0bE9wYP2su4=",
                    "requires": {
                        "ms": "2.1.2"
                    }
                },
                "ms": {
                    "version": "2.1.2",
                    "resolved": "https://registry.npm.taobao.org/ms/download/ms-2.1.2.tgz",
                    "integrity": "sha1-0J0fNXtEP0kzgqjrPM0YOHKuYAk="
                }
            }
        },
        "@types/accepts": {
            "version": "1.3.5",
            "resolved": "https://registry.npm.taobao.org/@types/accepts/download/@types/accepts-1.3.5.tgz",
            "integrity": "sha1-w0vsEVz8dG4E/loFnfTOfns5FXU=",
            "requires": {
                "@types/node": "*"
            }
        },
        "@types/big.js": {
            "version": "6.0.1",
            "resolved": "https://registry.npm.taobao.org/@types/big.js/download/@types/big.js-6.0.1.tgz",
            "integrity": "sha1-ZvhcDREHOZejocEWYORjBLYa+PE="
        },
        "@types/bluebird": {
            "version": "3.5.36",
            "resolved": "https://repo.huaweicloud.com/repository/npm/@types/bluebird/-/bluebird-3.5.36.tgz",
            "integrity": "sha512-HBNx4lhkxN7bx6P0++W8E289foSu8kO8GCk2unhuVggO+cE7rh9DhZUyPhUxNRG9m+5B5BTKxZQ5ZP92x/mx9Q=="
        },
        "@types/body-parser": {
            "version": "1.19.0",
            "resolved": "https://registry.npm.taobao.org/@types/body-parser/download/@types/body-parser-1.19.0.tgz",
            "integrity": "sha1-BoWzxH6zAG/+0RfN1VFkth+AU48=",
            "requires": {
                "@types/connect": "*",
                "@types/node": "*"
            }
        },
        "@types/connect": {
            "version": "3.4.33",
            "resolved": "https://registry.npm.taobao.org/@types/connect/download/@types/connect-3.4.33.tgz",
            "integrity": "sha1-MWEMkB7KVzuHE8MzCrxua59YhUY=",
            "requires": {
                "@types/node": "*"
            }
        },
        "@types/content-disposition": {
            "version": "0.5.3",
            "resolved": "https://registry.npm.taobao.org/@types/content-disposition/download/@types/content-disposition-0.5.3.tgz",
            "integrity": "sha1-CqEWcBlVwvqgcX/GnNFZYJXknZY="
        },
        "@types/cookies": {
            "version": "0.7.5",
            "resolved": "https://registry.npm.taobao.org/@types/cookies/download/@types/cookies-0.7.5.tgz?cache=0&other_urls=https%3A%2F%2Fregistry.npm.taobao.org%2F%40types%2Fcookies%2Fdownload%2F%40types%2Fcookies-0.7.5.tgz",
            "integrity": "sha1-qkLJqYNHJL/+5ZcCjaUxmzjoXoQ=",
            "requires": {
                "@types/connect": "*",
                "@types/express": "*",
                "@types/keygrip": "*",
                "@types/node": "*"
            }
        },
        "@types/express": {
            "version": "4.17.9",
            "resolved": "https://registry.npm.taobao.org/@types/express/download/@types/express-4.17.9.tgz?cache=0&sync_timestamp=1605057477768&other_urls=https%3A%2F%2Fregistry.npm.taobao.org%2F%40types%2Fexpress%2Fdownload%2F%40types%2Fexpress-4.17.9.tgz",
            "integrity": "sha1-9fLfat1wP/KEKK3VK97IoQkbCng=",
            "requires": {
                "@types/body-parser": "*",
                "@types/express-serve-static-core": "*",
                "@types/qs": "*",
                "@types/serve-static": "*"
            }
        },
        "@types/express-serve-static-core": {
            "version": "4.17.14",
            "resolved": "https://registry.npm.taobao.org/@types/express-serve-static-core/download/@types/express-serve-static-core-4.17.14.tgz?cache=0&sync_timestamp=1606162923713&other_urls=https%3A%2F%2Fregistry.npm.taobao.org%2F%40types%2Fexpress-serve-static-core%2Fdownload%2F%40types%2Fexpress-serve-static-core-4.17.14.tgz",
            "integrity": "sha1-yr+R3r7rPLBLeY4s/5CIZOibYQY=",
            "requires": {
                "@types/node": "*",
                "@types/qs": "*",
                "@types/range-parser": "*"
            }
        },
        "@types/http-assert": {
            "version": "1.5.1",
            "resolved": "https://registry.npm.taobao.org/@types/http-assert/download/@types/http-assert-1.5.1.tgz",
            "integrity": "sha1-13XpNjDCRpwvmA/CfjFDJAM12zs="
        },
        "@types/http-errors": {
            "version": "1.8.0",
            "resolved": "https://registry.npm.taobao.org/@types/http-errors/download/@types/http-errors-1.8.0.tgz?cache=0&sync_timestamp=1596841580952&other_urls=https%3A%2F%2Fregistry.npm.taobao.org%2F%40types%2Fhttp-errors%2Fdownload%2F%40types%2Fhttp-errors-1.8.0.tgz",
            "integrity": "sha1-aCR327vQfNAycxyzsOfq7j0Ca2k="
        },
        "@types/keygrip": {
            "version": "1.0.2",
            "resolved": "https://registry.npm.taobao.org/@types/keygrip/download/@types/keygrip-1.0.2.tgz",
            "integrity": "sha1-UTq/0lbXrQvx7hhzYGMXszsbKnI="
        },
        "@types/koa": {
            "version": "2.11.6",
            "resolved": "https://registry.npm.taobao.org/@types/koa/download/@types/koa-2.11.6.tgz",
            "integrity": "sha1-twMMqmtEr4AcKuoTunfXSv90hNU=",
            "requires": {
                "@types/accepts": "*",
                "@types/content-disposition": "*",
                "@types/cookies": "*",
                "@types/http-assert": "*",
                "@types/http-errors": "*",
                "@types/keygrip": "*",
                "@types/koa-compose": "*",
                "@types/node": "*"
            }
        },
        "@types/koa-compose": {
            "version": "3.2.5",
            "resolved": "https://registry.npm.taobao.org/@types/koa-compose/download/@types/koa-compose-3.2.5.tgz",
            "integrity": "sha1-hesugKxQvpXzfM+MQHwJu+NGjp0=",
            "requires": {
                "@types/koa": "*"
            }
        },
        "@types/koa__router": {
            "version": "8.0.3",
            "resolved": "https://registry.npm.taobao.org/@types/koa__router/download/@types/koa__router-8.0.3.tgz",
            "integrity": "sha1-9qnqNCjRAlQB9fwhxHwYOVrETNw=",
            "requires": {
                "@types/koa": "*"
            }
        },
        "@types/mime": {
            "version": "2.0.3",
            "resolved": "https://registry.npm.taobao.org/@types/mime/download/@types/mime-2.0.3.tgz?cache=0&sync_timestamp=1596841633940&other_urls=https%3A%2F%2Fregistry.npm.taobao.org%2F%40types%2Fmime%2Fdownload%2F%40types%2Fmime-2.0.3.tgz",
            "integrity": "sha1-yJO3NyHbc2mZQ7/DZTsd63+qSjo="
        },
        "@types/node": {
            "version": "14.14.13",
            "resolved": "https://registry.npm.taobao.org/@types/node/download/@types/node-14.14.13.tgz?cache=0&sync_timestamp=1607858131175&other_urls=https%3A%2F%2Fregistry.npm.taobao.org%2F%40types%2Fnode%2Fdownload%2F%40types%2Fnode-14.14.13.tgz",
            "integrity": "sha1-nkJQeXmTIhE66Edyl65u9RuODN8="
        },
        "@types/qs": {
            "version": "6.9.5",
            "resolved": "https://registry.npm.taobao.org/@types/qs/download/@types/qs-6.9.5.tgz?cache=0&sync_timestamp=1605055106687&other_urls=https%3A%2F%2Fregistry.npm.taobao.org%2F%40types%2Fqs%2Fdownload%2F%40types%2Fqs-6.9.5.tgz",
            "integrity": "sha1-Q0cRvdSete5p2QwdZ8NUqajssYs="
        },
        "@types/range-parser": {
            "version": "1.2.3",
            "resolved": "https://registry.npm.taobao.org/@types/range-parser/download/@types/range-parser-1.2.3.tgz",
            "integrity": "sha1-fuMwunyq+5gJC+zoal7kQRWQTCw="
        },
        "@types/serve-static": {
            "version": "1.13.8",
            "resolved": "https://registry.npm.taobao.org/@types/serve-static/download/@types/serve-static-1.13.8.tgz?cache=0&sync_timestamp=1605657655340&other_urls=https%3A%2F%2Fregistry.npm.taobao.org%2F%40types%2Fserve-static%2Fdownload%2F%40types%2Fserve-static-1.13.8.tgz",
            "integrity": "sha1-hREp1DRDPHCCFIV0/+wmPVgwnEY=",
            "requires": {
                "@types/mime": "*",
                "@types/node": "*"
            }
        },
        "@types/ws": {
            "version": "7.4.6",
            "resolved": "https://repo.huaweicloud.com/repository/npm/@types/ws/-/ws-7.4.6.tgz",
            "integrity": "sha512-ijZ1vzRawI7QoWnTNL8KpHixd2b2XVb9I9HAqI3triPsh1EC0xH0Eg6w2O3TKbDCgiNNlJqfrof6j4T2I+l9vw==",
            "requires": {
                "@types/node": "*"
            }
        },
        "accepts": {
            "version": "1.3.7",
            "resolved": "https://registry.npm.taobao.org/accepts/download/accepts-1.3.7.tgz",
            "integrity": "sha1-UxvHJlF6OytB+FACHGzBXqq1B80=",
            "requires": {
                "mime-types": "~2.1.24",
                "negotiator": "0.6.2"
            }
        },
        "any-promise": {
            "version": "1.3.0",
            "resolved": "https://registry.npm.taobao.org/any-promise/download/any-promise-1.3.0.tgz",
            "integrity": "sha1-q8av7tzqUugJzcA3au0845Y10X8="
        },
        "big.js": {
            "version": "6.0.3",
            "resolved": "https://registry.npm.taobao.org/big.js/download/big.js-6.0.3.tgz",
            "integrity": "sha1-i02ZrHAjZo4ORl0/eMI7isKa04E="
        },
        "bluebird": {
            "version": "3.7.2",
            "resolved": "https://repo.huaweicloud.com/repository/npm/bluebird/-/bluebird-3.7.2.tgz",
            "integrity": "sha512-XpNj6GDQzdfW+r2Wnn7xiSAd7TM3jzkxGXBGTtWKuSXv1xUV+azxAm8jdWZN06QTQk+2N2XB9jRDkvbmQmcRtg=="
        },
        "cache-content-type": {
            "version": "1.0.1",
            "resolved": "https://registry.npm.taobao.org/cache-content-type/download/cache-content-type-1.0.1.tgz",
            "integrity": "sha1-A1zeKwjuISn0qDFeqPAKANuhRTw=",
            "requires": {
                "mime-types": "^2.1.18",
                "ylru": "^1.2.0"
            }
        },
        "co": {
            "version": "4.6.0",
            "resolved": "https://registry.npm.taobao.org/co/download/co-4.6.0.tgz",
            "integrity": "sha1-bqa989hTrlTMuOR7+gvz+QMfsYQ="
        },
        "content-disposition": {
            "version": "0.5.3",
            "resolved": "https://registry.npm.taobao.org/content-disposition/download/content-disposition-0.5.3.tgz",
            "integrity": "sha1-4TDK9+cnkIfFYWwgB9BIVpiYT70=",
            "requires": {
                "safe-buffer": "5.1.2"
            }
        },
        "content-type": {
            "version": "1.0.4",
            "resolved": "https://registry.npm.taobao.org/content-type/download/content-type-1.0.4.tgz",
            "integrity": "sha1-4TjMdeBAxyexlm/l5fjJruJW/js="
        },
        "cookies": {
            "version": "0.8.0",
            "resolved": "https://registry.npm.taobao.org/cookies/download/cookies-0.8.0.tgz?cache=0&sync_timestamp=1570851324736&other_urls=https%3A%2F%2Fregistry.npm.taobao.org%2Fcookies%2Fdownload%2Fcookies-0.8.0.tgz",
            "integrity": "sha1-EpPOSzkXQKhAbjyYcOgoxLVPP5A=",
            "requires": {
                "depd": "~2.0.0",
                "keygrip": "~1.1.0"
            },
            "dependencies": {
                "depd": {
                    "version": "2.0.0",
                    "resolved": "https://registry.npm.taobao.org/depd/download/depd-2.0.0.tgz",
                    "integrity": "sha1-tpYWPMdXVg0JzyLMj60Vcbeedt8="
                }
            }
        },
        "debug": {
            "version": "3.1.0",
            "resolved": "https://registry.npm.taobao.org/debug/download/debug-3.1.0.tgz",
            "integrity": "sha1-W7WgZyYotkFJVmuhaBnmFRjGcmE=",
            "requires": {
                "ms": "2.0.0"
            }
        },
        "deep-equal": {
            "version": "1.0.1",
            "resolved": "https://registry.npm.taobao.org/deep-equal/download/deep-equal-1.0.1.tgz",
            "integrity": "sha1-9dJgKStmDghO/0zbyfCK0yR0SLU="
        },
        "delegates": {
            "version": "1.0.0",
            "resolved": "https://registry.npm.taobao.org/delegates/download/delegates-1.0.0.tgz",
            "integrity": "sha1-hMbhWbgZBP3KWaDvRM2HDTElD5o="
        },
        "depd": {
            "version": "1.1.2",
            "resolved": "https://registry.npm.taobao.org/depd/download/depd-1.1.2.tgz",
            "integrity": "sha1-m81S4UwJd2PnSbJ0xDRu0uVgtak="
        },
        "destroy": {
            "version": "1.0.4",
            "resolved": "https://registry.npm.taobao.org/destroy/download/destroy-1.0.4.tgz",
            "integrity": "sha1-l4hXRCxEdJ5CBmE+N5RiBYJqvYA="
        },
        "ee-first": {
            "version": "1.1.1",
            "resolved": "https://registry.npm.taobao.org/ee-first/download/ee-first-1.1.1.tgz",
            "integrity": "sha1-WQxhFWsK4vTwJVcyoViyZrxWsh0="
        },
        "encodeurl": {
            "version": "1.0.2",
            "resolved": "https://registry.npm.taobao.org/encodeurl/download/encodeurl-1.0.2.tgz",
            "integrity": "sha1-rT/0yG7C0CkyL1oCw6mmBslbP1k="
        },
        "escape-html": {
            "version": "1.0.3",
            "resolved": "https://registry.npm.taobao.org/escape-html/download/escape-html-1.0.3.tgz",
            "integrity": "sha1-Aljq5NPQwJdN4cFpGI7wBR0dGYg="
        },
        "events": {
            "version": "3.3.0",
            "resolved": "https://repo.huaweicloud.com/repository/npm/events/-/events-3.3.0.tgz",
            "integrity": "sha512-mQw+2fkQbALzQ7V0MY0IqdnXNOeTtP4r0lN9z7AAawCXgqea7bDii20AYrIBrFd/Hx0M2Ocz6S111CaFkUcb0Q=="
        },
        "fresh": {
            "version": "0.5.2",
            "resolved": "https://registry.npm.taobao.org/fresh/download/fresh-0.5.2.tgz",
            "integrity": "sha1-PYyt2Q2XZWn6g1qx+OSyOhBWBac="
        },
        "http-assert": {
            "version": "1.4.1",
            "resolved": "https://registry.npm.taobao.org/http-assert/download/http-assert-1.4.1.tgz",
            "integrity": "sha1-xfcl1neqfoc+9zYZm4lobM6zeHg=",
            "requires": {
                "deep-equal": "~1.0.1",
                "http-errors": "~1.7.2"
            },
            "dependencies": {
                "http-errors": {
                    "version": "1.7.3",
                    "resolved": "https://registry.npm.taobao.org/http-errors/download/http-errors-1.7.3.tgz?cache=0&sync_timestamp=1593407710477&other_urls=https%3A%2F%2Fregistry.npm.taobao.org%2Fhttp-errors%2Fdownload%2Fhttp-errors-1.7.3.tgz",
                    "integrity": "sha1-bGGeT5xgMIw4UZSYwU+7EKrOuwY=",
                    "requires": {
                        "depd": "~1.1.2",
                        "inherits": "2.0.4",
                        "setprototypeof": "1.1.1",
                        "statuses": ">= 1.5.0 < 2",
                        "toidentifier": "1.0.0"
                    }
                }
            }
        },
        "http-errors": {
            "version": "1.8.0",
            "resolved": "https://registry.npm.taobao.org/http-errors/download/http-errors-1.8.0.tgz?cache=0&sync_timestamp=1593407710477&other_urls=https%3A%2F%2Fregistry.npm.taobao.org%2Fhttp-errors%2Fdownload%2Fhttp-errors-1.8.0.tgz",
            "integrity": "sha1-ddG75JfhBE9R5O6ecEpi8o0zZQc=",
            "requires": {
                "depd": "~1.1.2",
                "inherits": "2.0.4",
                "setprototypeof": "1.2.0",
                "statuses": ">= 1.5.0 < 2",
                "toidentifier": "1.0.0"
            },
            "dependencies": {
                "setprototypeof": {
                    "version": "1.2.0",
                    "resolved": "https://registry.npm.taobao.org/setprototypeof/download/setprototypeof-1.2.0.tgz",
                    "integrity": "sha1-ZsmiSnP5/CjL5msJ/tPTPcrxtCQ="
                }
            }
        },
        "identifier-cases": {
            "version": "https://gitee.com/zimtsui/identifier-cases.git",
            "integrity": "sha512-YOlHs4kpdJzDKtp8gQp2cPtbnK4k8eAcJfqmCF/3kM6pOFUFpg6iaav09Tw0jQ3+tQUTrOZrTOzsZDnvqUnn1w=="
        },
        "inherits": {
            "version": "2.0.4",
            "resolved": "https://registry.npm.taobao.org/inherits/download/inherits-2.0.4.tgz",
            "integrity": "sha1-D6LGT5MpF8NDOg3tVTY6rjdBa3w="
        },
        "interfaces": {
            "version": "https://gitee.com/zimtsui/interfaces.git",
            "integrity": "sha512-LPWzbHdV6iqAu5pdGV7Sy4TfRVj+WoEXqIx8Wbxqs8PvBStJTjE8pkDexx3NOHilnQqjbf2SOcH/bdXRDmPaqA==",
            "requires": {
                "@types/big.js": "^6.0.1",
                "@types/node": "^14.14.17",
                "big.js": "^6.0.3",
                "events": "^3.2.0"
            },
            "dependencies": {
                "@types/node": {
                    "version": "14.17.5",
                    "resolved": "https://repo.huaweicloud.com/repository/npm/@types/node/-/node-14.17.5.tgz",
                    "integrity": "sha512-bjqH2cX/O33jXT/UmReo2pM7DIJREPMnarixbQ57DOOzzFaI6D2+IcwaJQaJpv0M1E9TIhPCYVxrkcityLjlqA=="
                }
            }
        },
        "is-generator-function": {
            "version": "1.0.7",
            "resolved": "https://registry.npm.taobao.org/is-generator-function/download/is-generator-function-1.0.7.tgz",
            "integrity": "sha1-0hMuUpuwAAp/gHlNS99c1eWBNSI="
        },
        "keygrip": {
            "version": "1.1.0",
            "resolved": "https://registry.npm.taobao.org/keygrip/download/keygrip-1.1.0.tgz",
            "integrity": "sha1-hxsWgdXhWcYqRFsMdLYV4JF+ciY=",
            "requires": {
                "tsscmp": "1.0.6"
            }
        },
        "koa": {
            "version": "2.13.0",
            "resolved": "https://registry.npm.taobao.org/koa/download/koa-2.13.0.tgz?cache=0&sync_timestamp=1592754563817&other_urls=https%3A%2F%2Fregistry.npm.taobao.org%2Fkoa%2Fdownload%2Fkoa-2.13.0.tgz",
            "integrity": "sha1-JSF+Be/TNYp+Xd7ADwo4DJtxtQE=",
            "requires": {
                "accepts": "^1.3.5",
                "cache-content-type": "^1.0.0",
                "content-disposition": "~0.5.2",
                "content-type": "^1.0.4",
                "cookies": "~0.8.0",
                "debug": "~3.1.0",
                "delegates": "^1.0.0",
                "depd": "^1.1.2",
                "destroy": "^1.0.4",
                "encodeurl": "^1.0.2",
                "escape-html": "^1.0.3",
                "fresh": "~0.5.2",
                "http-assert": "^1.3.0",
                "http-errors": "^1.6.3",
                "is-generator-function": "^1.0.7",
                "koa-compose": "^4.1.0",
                "koa-convert": "^1.2.0",
                "on-finished": "^2.3.0",
                "only": "~0.0.2",
                "parseurl": "^1.3.2",
                "statuses": "^1.5.0",
                "type-is": "^1.6.16",
                "vary": "^1.1.2"
            }
        },
        "koa-compose": {
            "version": "4.1.0",
            "resolved": "https://registry.npm.taobao.org/koa-compose/download/koa-compose-4.1.0.tgz",
            "integrity": "sha1-UHMGuTcZAdtBEhyBLpI9DWfT6Hc="
        },
        "koa-convert": {
            "version": "1.2.0",
            "resolved": "https://registry.npm.taobao.org/koa-convert/download/koa-convert-1.2.0.tgz",
            "integrity": "sha1-2kCHXfSd4FOQmNFwC1CCDOvNIdA=",
            "requires": {
                "co": "^4.6.0",
                "koa-compose": "^3.0.0"
            },
            "dependencies": {
                "koa-compose": {
                    "version": "3.2.1",
                    "resolved": "https://registry.npm.taobao.org/koa-compose/download/koa-compose-3.2.1.tgz",
                    "integrity": "sha1-qFzLQLfZhtjlo0Wzoazo6rz1Tec=",
                    "requires": {
                        "any-promise": "^1.1.0"
                    }
                }
            }
        },
        "koa-ws-filter": {
            "version": "https://gitee.com/zimtsui/koa-ws-filter.git",
            "integrity": "sha512-8+cavHyWdiCc2wAB1iU4Rq05Nxq9fs7lQnd9Oo40wkaRlOGrDS7qUV8RbLT5LLScqpm/NGy0ejBheGW+0ofshA==",
            "requires": {
                "@types/koa-compose": "^3.2.4",
                "@types/node": "^14.14.10",
                "@types/ws": "^7.4.6",
                "koa": "^2.8.2",
                "koa-compose": "^4.1.0",
                "ws": "^7.5.3"
            },
            "dependencies": {
                "@types/ws": {
                    "version": "7.4.6",
                    "resolved": "https://repo.huaweicloud.com/repository/npm/@types/ws/-/ws-7.4.6.tgz",
                    "integrity": "sha512-ijZ1vzRawI7QoWnTNL8KpHixd2b2XVb9I9HAqI3triPsh1EC0xH0Eg6w2O3TKbDCgiNNlJqfrof6j4T2I+l9vw==",
                    "requires": {
                        "@types/node": "*"
                    }
                },
                "ws": {
                    "version": "7.5.3",
                    "resolved": "https://repo.huaweicloud.com/repository/npm/ws/-/ws-7.5.3.tgz",
                    "integrity": "sha512-kQ/dHIzuLrS6Je9+uv81ueZomEwH0qVYstcAQ4/Z93K8zeko9gtAbttJWzoC5ukqXY1PpoouV3+VSOqEAFt5wg=="
                }
            }
        },
        "lock-pid-file": {
            "version": "https://gitee.com/zimtsui/lock-pid-file.git",
            "integrity": "sha512-9+HSz4btP883syTxI8OyqEYKw60HbqKDzgx9n7Hs08qf//ko6FfL/n3r7RkaohkKFeRoiESgFmHnMzlNEGmp7Q==",
            "requires": {
                "@types/node": "^14.17.5",
                "identifier-cases": "https://gitee.com/zimtsui/identifier-cases.git",
                "posix-lock": "https://gitee.com/zimtsui/posix-lock.git"
            },
            "dependencies": {
                "@types/node": {
                    "version": "14.17.5",
                    "resolved": "https://repo.huaweicloud.com/repository/npm/@types/node/-/node-14.17.5.tgz",
                    "integrity": "sha512-bjqH2cX/O33jXT/UmReo2pM7DIJREPMnarixbQ57DOOzzFaI6D2+IcwaJQaJpv0M1E9TIhPCYVxrkcityLjlqA=="
                }
            }
        },
        "media-typer": {
            "version": "0.3.0",
            "resolved": "https://registry.npm.taobao.org/media-typer/download/media-typer-0.3.0.tgz",
            "integrity": "sha1-hxDXrwqmJvj/+hzgAWhUUmMlV0g="
        },
        "methods": {
            "version": "1.1.2",
            "resolved": "https://registry.npm.taobao.org/methods/download/methods-1.1.2.tgz",
            "integrity": "sha1-VSmk1nZUE07cxSZmVoNbD4Ua/O4="
        },
        "mime-db": {
            "version": "1.44.0",
            "resolved": "https://registry.npm.taobao.org/mime-db/download/mime-db-1.44.0.tgz",
            "integrity": "sha1-+hHF6wrKEzS0Izy01S8QxaYnL5I="
        },
        "mime-types": {
            "version": "2.1.27",
            "resolved": "https://registry.npm.taobao.org/mime-types/download/mime-types-2.1.27.tgz",
            "integrity": "sha1-R5SfmOJ56lMRn1ci4PNOUpvsAJ8=",
            "requires": {
                "mime-db": "1.44.0"
            }
        },
        "ms": {
            "version": "2.0.0",
            "resolved": "https://registry.npm.taobao.org/ms/download/ms-2.0.0.tgz",
            "integrity": "sha1-VgiurfwAvmwpAd9fmGF4jeDVl8g="
        },
        "negotiator": {
            "version": "0.6.2",
            "resolved": "https://registry.npm.taobao.org/negotiator/download/negotiator-0.6.2.tgz",
            "integrity": "sha1-/qz3zPUlp3rpY0Q2pkiD/+yjRvs="
        },
        "on-finished": {
            "version": "2.3.0",
            "resolved": "https://registry.npm.taobao.org/on-finished/download/on-finished-2.3.0.tgz",
            "integrity": "sha1-IPEzZIGwg811M3mSoWlxqi2QaUc=",
            "requires": {
                "ee-first": "1.1.1"
            }
        },
        "only": {
            "version": "0.0.2",
            "resolved": "https://registry.npm.taobao.org/only/download/only-0.0.2.tgz",
            "integrity": "sha1-Kv3oTQPlC5qO3EROMGEKcCle37Q="
        },
        "parseurl": {
            "version": "1.3.3",
            "resolved": "https://registry.npm.taobao.org/parseurl/download/parseurl-1.3.3.tgz",
            "integrity": "sha1-naGee+6NEt/wUT7Vt2lXeTvC6NQ="
        },
        "path-to-regexp": {
            "version": "6.2.0",
            "resolved": "https://registry.npm.taobao.org/path-to-regexp/download/path-to-regexp-6.2.0.tgz?cache=0&sync_timestamp=1601400491887&other_urls=https%3A%2F%2Fregistry.npm.taobao.org%2Fpath-to-regexp%2Fdownload%2Fpath-to-regexp-6.2.0.tgz",
            "integrity": "sha1-97OAMzYQTDRoia3s5hRmkjBkXzg="
        },
        "posix-lock": {
            "version": "https://gitee.com/zimtsui/posix-lock.git",
            "integrity": "sha512-pDSxqEMJYGjgr++4jcbUkQlknvSRfYA9l4PdVrm9OOck43MPY8BuetpBllwz4yUac6xXRvfVTWr0I6Nh6UsAtw==",
            "requires": {
                "@types/node": "^14.17.4",
                "node-addon-api": "^4.0.0"
            },
            "dependencies": {
                "@types/node": {
                    "version": "14.17.5",
                    "resolved": "https://repo.huaweicloud.com/repository/npm/@types/node/-/node-14.17.5.tgz",
                    "integrity": "sha512-bjqH2cX/O33jXT/UmReo2pM7DIJREPMnarixbQ57DOOzzFaI6D2+IcwaJQaJpv0M1E9TIhPCYVxrkcityLjlqA=="
                },
                "node-addon-api": {
                    "version": "4.0.0",
                    "resolved": "https://repo.huaweicloud.com/repository/npm/node-addon-api/-/node-addon-api-4.0.0.tgz",
                    "integrity": "sha512-ALmRVBFzfwldBfk3SbKfl6+PVMXiCPKZBEfsJqB/EjXAMAI+MfFrEHR+GMRBuI162DihZ1QjEZ8ieYKuRCJ8Hg=="
                }
            }
        },
        "safe-buffer": {
            "version": "5.1.2",
            "resolved": "https://registry.npm.taobao.org/safe-buffer/download/safe-buffer-5.1.2.tgz?cache=0&sync_timestamp=1589129010497&other_urls=https%3A%2F%2Fregistry.npm.taobao.org%2Fsafe-buffer%2Fdownload%2Fsafe-buffer-5.1.2.tgz",
            "integrity": "sha1-mR7GnSluAxN0fVm9/St0XDX4go0="
        },
        "setprototypeof": {
            "version": "1.1.1",
            "resolved": "https://registry.npm.taobao.org/setprototypeof/download/setprototypeof-1.1.1.tgz",
            "integrity": "sha1-fpWsskqpL1iF4KvvW6ExMw1K5oM="
        },
        "startable": {
            "version": "https://gitee.com/zimtsui/startable.git",
            "integrity": "sha512-5ddAePZ69uT/+c5vBTRHixOaOBAVKq+9y7o++VYZ9TRcxI+UgJ+32BWV0n0f+BvcmsH+6ngaeM8PES3dA8/3rA==",
            "requires": {
                "@types/node": "^14.14.17",
                "events": "^3.2.0"
            },
            "dependencies": {
                "@types/node": {
                    "version": "14.17.5",
                    "resolved": "https://repo.huaweicloud.com/repository/npm/@types/node/-/node-14.17.5.tgz",
                    "integrity": "sha512-bjqH2cX/O33jXT/UmReo2pM7DIJREPMnarixbQ57DOOzzFaI6D2+IcwaJQaJpv0M1E9TIhPCYVxrkcityLjlqA=="
                }
            }
        },
        "statuses": {
            "version": "1.5.0",
            "resolved": "https://registry.npm.taobao.org/statuses/download/statuses-1.5.0.tgz",
            "integrity": "sha1-Fhx9rBd2Wf2YEfQ3cfqZOBR4Yow="
        },
        "toidentifier": {
            "version": "1.0.0",
            "resolved": "https://registry.npm.taobao.org/toidentifier/download/toidentifier-1.0.0.tgz",
            "integrity": "sha1-fhvjRw8ed5SLxD2Uo8j013UrpVM="
        },
        "tsscmp": {
            "version": "1.0.6",
            "resolved": "https://registry.npm.taobao.org/tsscmp/download/tsscmp-1.0.6.tgz",
            "integrity": "sha1-hbmVg6w1iexL/vgltQAKqRHWBes="
        },
        "type-is": {
            "version": "1.6.18",
            "resolved": "https://registry.npm.taobao.org/type-is/download/type-is-1.6.18.tgz",
            "integrity": "sha1-TlUs0F3wlGfcvE73Od6J8s83wTE=",
            "requires": {
                "media-typer": "0.3.0",
                "mime-types": "~2.1.24"
            }
        },
        "vary": {
            "version": "1.1.2",
            "resolved": "https://registry.npm.taobao.org/vary/download/vary-1.1.2.tgz",
            "integrity": "sha1-IpnwLG3tMNSllhsLn3RSShj2NPw="
        },
        "ws": {
            "version": "7.5.3",
            "resolved": "https://repo.huaweicloud.com/repository/npm/ws/-/ws-7.5.3.tgz",
            "integrity": "sha512-kQ/dHIzuLrS6Je9+uv81ueZomEwH0qVYstcAQ4/Z93K8zeko9gtAbttJWzoC5ukqXY1PpoouV3+VSOqEAFt5wg=="
        },
        "ylru": {
            "version": "1.2.1",
            "resolved": "https://registry.npm.taobao.org/ylru/download/ylru-1.2.1.tgz",
            "integrity": "sha1-9Xa2M0FUeYnB3nuiiHYJI7J/6E8="
        }
    }
}
