{
    "name": "quote-agent-okex-websocket",
    "version": "0.0.1",
    "lockfileVersion": 1,
    "requires": true,
    "dependencies": {
        "@okfe/okex-node": {
            "version": "0.0.50",
            "resolved": "https://registry.npm.taobao.org/@okfe/okex-node/download/@okfe/okex-node-0.0.50.tgz",
            "integrity": "sha1-1B7150JgA0w7gu6nr5JIN8/fP7w=",
            "requires": {
                "axios": "^0.18.0",
                "crc-32": "^1.2.0",
                "pako": "^1.0.8",
                "run-script": "^0.1.1",
                "ws": "^6.1.4"
            }
        },
        "@types/node": {
            "version": "12.6.8",
            "resolved": "https://registry.npm.taobao.org/@types/node/download/@types/node-12.6.8.tgz?cache=0&other_urls=https%3A%2F%2Fregistry.npm.taobao.org%2F%40types%2Fnode%2Fdownload%2F%40types%2Fnode-12.6.8.tgz",
            "integrity": "sha1-5Gm0v50cmDKu5JB7qKBRSUNXwSw="
        },
        "async-limiter": {
            "version": "1.0.0",
            "resolved": "https://registry.npm.taobao.org/async-limiter/download/async-limiter-1.0.0.tgz",
            "integrity": "sha1-ePrtjD0HSrgfIrTphdeehzj3IPg="
        },
        "axios": {
            "version": "0.18.1",
            "resolved": "https://registry.npm.taobao.org/axios/download/axios-0.18.1.tgz",
            "integrity": "sha1-/z8N4ue10YDnV62YAA8Qgbh7zqM=",
            "requires": {
                "follow-redirects": "1.5.10",
                "is-buffer": "^2.0.2"
            }
        },
        "buffer-from": {
            "version": "1.1.1",
            "resolved": "https://registry.npm.taobao.org/buffer-from/download/buffer-from-1.1.1.tgz",
            "integrity": "sha1-MnE7wCj3XAL9txDXx7zsHyxgcO8="
        },
        "crc-32": {
            "version": "1.2.0",
            "resolved": "https://registry.npm.taobao.org/crc-32/download/crc-32-1.2.0.tgz",
            "integrity": "sha1-yy224puIUI4y2d0OwWk+e0Ghggg=",
            "requires": {
                "exit-on-epipe": "~1.0.1",
                "printj": "~1.1.0"
            }
        },
        "debug": {
            "version": "3.1.0",
            "resolved": "https://registry.npm.taobao.org/debug/download/debug-3.1.0.tgz",
            "integrity": "sha1-W7WgZyYotkFJVmuhaBnmFRjGcmE=",
            "requires": {
                "ms": "2.0.0"
            }
        },
        "exit-on-epipe": {
            "version": "1.0.1",
            "resolved": "https://registry.npm.taobao.org/exit-on-epipe/download/exit-on-epipe-1.0.1.tgz",
            "integrity": "sha1-C92S6H1ShdJn2qgXHQ6wYVlolpI="
        },
        "follow-redirects": {
            "version": "1.5.10",
            "resolved": "https://registry.npm.taobao.org/follow-redirects/download/follow-redirects-1.5.10.tgz",
            "integrity": "sha1-e3qfmuov3/NnhqlP9kPtB/T/Xio=",
            "requires": {
                "debug": "=3.1.0"
            }
        },
        "is-buffer": {
            "version": "2.0.3",
            "resolved": "https://registry.npm.taobao.org/is-buffer/download/is-buffer-2.0.3.tgz",
            "integrity": "sha1-Ts8/z3ScvR5HJonhCaxmJhol5yU="
        },
        "ms": {
            "version": "2.0.0",
            "resolved": "https://registry.npm.taobao.org/ms/download/ms-2.0.0.tgz?cache=0&other_urls=https%3A%2F%2Fregistry.npm.taobao.org%2Fms%2Fdownload%2Fms-2.0.0.tgz",
            "integrity": "sha1-VgiurfwAvmwpAd9fmGF4jeDVl8g="
        },
        "pako": {
            "version": "1.0.10",
            "resolved": "https://registry.npm.taobao.org/pako/download/pako-1.0.10.tgz",
            "integrity": "sha1-Qyi621CGpCaqkPVBl31JVdpclzI="
        },
        "printj": {
            "version": "1.1.2",
            "resolved": "https://registry.npm.taobao.org/printj/download/printj-1.1.2.tgz",
            "integrity": "sha1-2Q3rKXWoufYA+zoclOP0xTx4oiI="
        },
        "run-script": {
            "version": "0.1.1",
            "resolved": "https://registry.npm.taobao.org/run-script/download/run-script-0.1.1.tgz",
            "integrity": "sha1-ZOwDVjojNGjc5Edty4VxLXgsqQA="
        },
        "source-map": {
            "version": "0.6.1",
            "resolved": "https://registry.npm.taobao.org/source-map/download/source-map-0.6.1.tgz",
            "integrity": "sha1-dHIq8y6WFOnCh6jQu95IteLxomM="
        },
        "source-map-support": {
            "version": "0.5.12",
            "resolved": "https://registry.npm.taobao.org/source-map-support/download/source-map-support-0.5.12.tgz?cache=0&other_urls=https%3A%2F%2Fregistry.npm.taobao.org%2Fsource-map-support%2Fdownload%2Fsource-map-support-0.5.12.tgz",
            "integrity": "sha1-tPOxDVGFelrwE4086AA7IBYT1Zk=",
            "requires": {
                "buffer-from": "^1.0.0",
                "source-map": "^0.6.0"
            }
        },
        "typescript": {
            "version": "3.5.3",
            "resolved": "https://registry.npm.taobao.org/typescript/download/typescript-3.5.3.tgz?cache=0&other_urls=https%3A%2F%2Fregistry.npm.taobao.org%2Ftypescript%2Fdownload%2Ftypescript-3.5.3.tgz",
            "integrity": "sha1-yDD2V/k/HqhGgZ6SkJL1/lmD6Xc=",
            "dev": true
        },
        "ws": {
            "version": "6.2.1",
            "resolved": "https://registry.npm.taobao.org/ws/download/ws-6.2.1.tgz",
            "integrity": "sha1-RC/fCkftZPWbal2P8TD0dI7VJPs=",
            "requires": {
                "async-limiter": "~1.0.0"
            }
        }
    }
}
